
Microsoft Visual Studio Solution File, Format Version 12.00
# Visual Studio Version 17
VisualStudioVersion = 17.10.35013.160
MinimumVisualStudioVersion = 10.0.40219.1
Project("{FAE04EC0-301F-11D3-BF4B-00C04F79EFBC}") = "MvcStok", "MvcStok\MvcStok.csproj", "{36517740-11EA-4D6D-8DF2-785C64257463}"
EndProject
Global
	GlobalSection(SolutionConfigurationPlatforms) = preSolution
		Debug|Any CPU = Debug|Any CPU
		Release|Any CPU = Release|Any CPU
	EndGlobalSection
	GlobalSection(ProjectConfigurationPlatforms) = postSolution
		{36517740-11EA-4D6D-8DF2-785C64257463}.Debug|Any CPU.ActiveCfg = Debug|Any CPU
		{36517740-11EA-4D6D-8DF2-785C64257463}.Debug|Any CPU.Build.0 = Debug|Any CPU
		{36517740-11EA-4D6D-8DF2-785C64257463}.Release|Any CPU.ActiveCfg = Release|Any CPU
		{36517740-11EA-4D6D-8DF2-785C64257463}.Release|Any CPU.Build.0 = Release|Any CPU
	EndGlobalSection
	GlobalSection(SolutionProperties) = preSolution
		HideSolutionNode = FALSE
	EndGlobalSection
	GlobalSection(ExtensibilityGlobals) = postSolution
		SolutionGuid = {8AF2D214-9576-4595-B52D-FC93EF8F78DD}
	EndGlobalSection
EndGlobal
